
Microsoft Visual Studio Solution File, Format Version 12.00
# Visual Studio Version 17
VisualStudioVersion = 17.4.33403.182
MinimumVisualStudioVersion = 10.0.40219.1
Project("{FAE04EC0-301F-11D3-BF4B-00C04F79EFBC}") = "BlazorAppTemplateDemo.Server", "BlazorAppTemplateDemo\Server\BlazorAppTemplateDemo.Server.csproj", "{45A1E43B-21F7-4AF6-8BC0-A7EF46839EFE}"
EndProject
Project("{FAE04EC0-301F-11D3-BF4B-00C04F79EFBC}") = "BlazorAppTemplateDemo.Client", "BlazorAppTemplateDemo\Client\BlazorAppTemplateDemo.Client.csproj", "{969E2B25-D069-40D2-BDD9-2363EA8134F4}"
EndProject
Project("{FAE04EC0-301F-11D3-BF4B-00C04F79EFBC}") = "BlazorAppTemplateDemo.Shared", "BlazorAppTemplateDemo\Shared\BlazorAppTemplateDemo.Shared.csproj", "{7D04C42B-43EB-42F9-8B4D-C0EAFD7ECB40}"
EndProject
Global
	GlobalSection(SolutionConfigurationPlatforms) = preSolution
		Debug|Any CPU = Debug|Any CPU
		Release|Any CPU = Release|Any CPU
	EndGlobalSection
	GlobalSection(ProjectConfigurationPlatforms) = postSolution
		{45A1E43B-21F7-4AF6-8BC0-A7EF46839EFE}.Debug|Any CPU.ActiveCfg = Debug|Any CPU
		{45A1E43B-21F7-4AF6-8BC0-A7EF46839EFE}.Debug|Any CPU.Build.0 = Debug|Any CPU
		{45A1E43B-21F7-4AF6-8BC0-A7EF46839EFE}.Release|Any CPU.ActiveCfg = Release|Any CPU
		{45A1E43B-21F7-4AF6-8BC0-A7EF46839EFE}.Release|Any CPU.Build.0 = Release|Any CPU
		{969E2B25-D069-40D2-BDD9-2363EA8134F4}.Debug|Any CPU.ActiveCfg = Debug|Any CPU
		{969E2B25-D069-40D2-BDD9-2363EA8134F4}.Debug|Any CPU.Build.0 = Debug|Any CPU
		{969E2B25-D069-40D2-BDD9-2363EA8134F4}.Release|Any CPU.ActiveCfg = Release|Any CPU
		{969E2B25-D069-40D2-BDD9-2363EA8134F4}.Release|Any CPU.Build.0 = Release|Any CPU
		{7D04C42B-43EB-42F9-8B4D-C0EAFD7ECB40}.Debug|Any CPU.ActiveCfg = Debug|Any CPU
		{7D04C42B-43EB-42F9-8B4D-C0EAFD7ECB40}.Debug|Any CPU.Build.0 = Debug|Any CPU
		{7D04C42B-43EB-42F9-8B4D-C0EAFD7ECB40}.Release|Any CPU.ActiveCfg = Release|Any CPU
		{7D04C42B-43EB-42F9-8B4D-C0EAFD7ECB40}.Release|Any CPU.Build.0 = Release|Any CPU
	EndGlobalSection
	GlobalSection(SolutionProperties) = preSolution
		HideSolutionNode = FALSE
	EndGlobalSection
	GlobalSection(ExtensibilityGlobals) = postSolution
		SolutionGuid = {D52026C4-C180-4FF4-A479-6022EBDE6F19}
	EndGlobalSection
EndGlobal
